// !$*UTF8*$!
{
	archiveVersion = 1;
	classes = {
	};
	objectVersion = 56;
	objects = {

/* Begin PBXBuildFile section */
		575B2D1E2CFDE10D00840818 /* Job.swift in Sources */ = {isa = PBXBuildFile; fileRef = 575B2D1D2CFDE10D00840818 /* Job.swift */; };
		575B2D202CFDE1BA00840818 /* JobApplication.swift in Sources */ = {isa = PBXBuildFile; fileRef = 575B2D1F2CFDE1BA00840818 /* JobApplication.swift */; };
		575B2D222CFDE61400840818 /* CV.swift in Sources */ = {isa = PBXBuildFile; fileRef = 575B2D212CFDE61400840818 /* CV.swift */; };
		575B2D282CFDF09D00840818 /* JobEntry.swift in Sources */ = {isa = PBXBuildFile; fileRef = 575B2D272CFDF09D00840818 /* JobEntry.swift */; };
		575B2D2A2CFDF10200840818 /* Degree.swift in Sources */ = {isa = PBXBuildFile; fileRef = 575B2D292CFDF10200840818 /* Degree.swift */; };
		575B2D2C2CFDF21400840818 /* Video.swift in Sources */ = {isa = PBXBuildFile; fileRef = 575B2D2B2CFDF21400840818 /* Video.swift */; };
		575B2D2E2CFDF21E00840818 /* Article.swift in Sources */ = {isa = PBXBuildFile; fileRef = 575B2D2D2CFDF21E00840818 /* Article.swift */; };
		575B2D302CFDF2CB00840818 /* Resources.swift in Sources */ = {isa = PBXBuildFile; fileRef = 575B2D2F2CFDF2CB00840818 /* Resources.swift */; };
		57C71DF92D00700B00F317AA /* HomeJobSeeker.storyboard in Resources */ = {isa = PBXBuildFile; fileRef = 57C71DF82D00700B00F317AA /* HomeJobSeeker.storyboard */; };
		57C71DFB2D00708F00F317AA /* JobsJobSeeker.storyboard in Resources */ = {isa = PBXBuildFile; fileRef = 57C71DFA2D00708F00F317AA /* JobsJobSeeker.storyboard */; };
		57C71DFF2D00793900F317AA /* ProfileJobSeeker.storyboard in Resources */ = {isa = PBXBuildFile; fileRef = 57C71DFE2D00793900F317AA /* ProfileJobSeeker.storyboard */; };
		57C71E012D00795F00F317AA /* ResourcesJobSeeker.storyboard in Resources */ = {isa = PBXBuildFile; fileRef = 57C71E002D00795F00F317AA /* ResourcesJobSeeker.storyboard */; };
		57C71E032D0088BD00F317AA /* CvCreationJobseeker.storyboard in Resources */ = {isa = PBXBuildFile; fileRef = 57C71E022D0088BD00F317AA /* CvCreationJobseeker.storyboard */; };
		AC718EC02D1ED75100F3CF09 /* Assets.xcassets in Resources */ = {isa = PBXBuildFile; fileRef = AC718EB32D1ED75100F3CF09 /* Assets.xcassets */; };
		AC718EC22D1ED75100F3CF09 /* CompanyLogin.storyboard in Resources */ = {isa = PBXBuildFile; fileRef = AC718EB62D1ED75100F3CF09 /* CompanyLogin.storyboard */; };
		AC718EC32D1ED75100F3CF09 /* Welcome.storyboard in Resources */ = {isa = PBXBuildFile; fileRef = AC718EB72D1ED75100F3CF09 /* Welcome.storyboard */; };
		AC718EC42D1ED75100F3CF09 /* Login.storyboard in Resources */ = {isa = PBXBuildFile; fileRef = AC718EB82D1ED75100F3CF09 /* Login.storyboard */; };
		AC718EC52D1ED75100F3CF09 /* CompanyLoginController.swift in Sources */ = {isa = PBXBuildFile; fileRef = AC718EBA2D1ED75100F3CF09 /* CompanyLoginController.swift */; };
		AC718EC62D1ED75100F3CF09 /* CoRegisterViewController.swift in Sources */ = {isa = PBXBuildFile; fileRef = AC718EBB2D1ED75100F3CF09 /* CoRegisterViewController.swift */; };
		AC718EC72D1ED75100F3CF09 /* AdminLoginViewController.swift in Sources */ = {isa = PBXBuildFile; fileRef = AC718EBC2D1ED75100F3CF09 /* AdminLoginViewController.swift */; };
		AC718EC82D1ED75100F3CF09 /* LoginViewController.swift in Sources */ = {isa = PBXBuildFile; fileRef = AC718EBD2D1ED75100F3CF09 /* LoginViewController.swift */; };
		AC718EC92D1ED75100F3CF09 /* RegisterViewController.swift in Sources */ = {isa = PBXBuildFile; fileRef = AC718EBE2D1ED75100F3CF09 /* RegisterViewController.swift */; };
		AC718ECA2D1ED75100F3CF09 /* GoogleService-Info.plist in Resources */ = {isa = PBXBuildFile; fileRef = AC718EBF2D1ED75100F3CF09 /* GoogleService-Info.plist */; };
		AC718ECD2D1ED7EB00F3CF09 /* FirebaseAuth in Frameworks */ = {isa = PBXBuildFile; productRef = AC718ECC2D1ED7EB00F3CF09 /* FirebaseAuth */; };
		AC718ECF2D1ED7EB00F3CF09 /* FirebaseCore in Frameworks */ = {isa = PBXBuildFile; productRef = AC718ECE2D1ED7EB00F3CF09 /* FirebaseCore */; };
		AC718ED12D1ED7EB00F3CF09 /* FirebaseFirestore in Frameworks */ = {isa = PBXBuildFile; productRef = AC718ED02D1ED7EB00F3CF09 /* FirebaseFirestore */; };
		AC718ED72D1ED96F00F3CF09 /* BaseJobSeeker.storyboard in Resources */ = {isa = PBXBuildFile; fileRef = AC718ED42D1ED96F00F3CF09 /* BaseJobSeeker.storyboard */; };
		AC718F012D1EF94D00F3CF09 /* ProfileEmployer.storyboard in Resources */ = {isa = PBXBuildFile; fileRef = AC718EFC2D1EF94D00F3CF09 /* ProfileEmployer.storyboard */; };
		AC718F022D1EF94D00F3CF09 /* BaseEmployer.storyboard in Resources */ = {isa = PBXBuildFile; fileRef = AC718EFD2D1EF94D00F3CF09 /* BaseEmployer.storyboard */; };
		AC718F032D1EF94D00F3CF09 /* HomeEmployer.storyboard in Resources */ = {isa = PBXBuildFile; fileRef = AC718EFE2D1EF94D00F3CF09 /* HomeEmployer.storyboard */; };
		AC718F042D1EF94D00F3CF09 /* ApplicantsEmployer.storyboard in Resources */ = {isa = PBXBuildFile; fileRef = AC718EFF2D1EF94D00F3CF09 /* ApplicantsEmployer.storyboard */; };
		AC718F0B2D1F120A00F3CF09 /* JobsGuest.storyboard in Resources */ = {isa = PBXBuildFile; fileRef = AC718F062D1F120A00F3CF09 /* JobsGuest.storyboard */; };
		AC718F0C2D1F120A00F3CF09 /* BaseGuest.storyboard in Resources */ = {isa = PBXBuildFile; fileRef = AC718F072D1F120A00F3CF09 /* BaseGuest.storyboard */; };
		AC718F0D2D1F120A00F3CF09 /* HomeGuest.storyboard in Resources */ = {isa = PBXBuildFile; fileRef = AC718F082D1F120A00F3CF09 /* HomeGuest.storyboard */; };
		AC718F0E2D1F120A00F3CF09 /* ResourcesGuest.storyboard in Resources */ = {isa = PBXBuildFile; fileRef = AC718F092D1F120A00F3CF09 /* ResourcesGuest.storyboard */; };
		AC718F0F2D1F120A00F3CF09 /* ProfileGuest.storyboard in Resources */ = {isa = PBXBuildFile; fileRef = AC718F0A2D1F120A00F3CF09 /* ProfileGuest.storyboard */; };
		AC718F162D1F15B400F3CF09 /* JobsAdmin.storyboard in Resources */ = {isa = PBXBuildFile; fileRef = AC718F112D1F15B400F3CF09 /* JobsAdmin.storyboard */; };
		AC718F172D1F15B400F3CF09 /* BaseAdmin.storyboard in Resources */ = {isa = PBXBuildFile; fileRef = AC718F122D1F15B400F3CF09 /* BaseAdmin.storyboard */; };
		AC718F182D1F15B400F3CF09 /* HomeAdmin.storyboard in Resources */ = {isa = PBXBuildFile; fileRef = AC718F132D1F15B400F3CF09 /* HomeAdmin.storyboard */; };
		AC718F192D1F15B400F3CF09 /* ResourcesAdmin.storyboard in Resources */ = {isa = PBXBuildFile; fileRef = AC718F142D1F15B400F3CF09 /* ResourcesAdmin.storyboard */; };
		AC718F1A2D1F15B400F3CF09 /* ApplicantsAdmin.storyboard in Resources */ = {isa = PBXBuildFile; fileRef = AC718F152D1F15B400F3CF09 /* ApplicantsAdmin.storyboard */; };
		AC718F1E2D1F174900F3CF09 /* ProfileAdmin.storyboard in Resources */ = {isa = PBXBuildFile; fileRef = AC718F1D2D1F174900F3CF09 /* ProfileAdmin.storyboard */; };
		D01FF9A62CF85B2500F5DC5D /* AppDelegate.swift in Sources */ = {isa = PBXBuildFile; fileRef = D01FF9A52CF85B2500F5DC5D /* AppDelegate.swift */; };
		D01FF9A82CF85B2500F5DC5D /* SceneDelegate.swift in Sources */ = {isa = PBXBuildFile; fileRef = D01FF9A72CF85B2500F5DC5D /* SceneDelegate.swift */; };
		D01FF9AA2CF85B2500F5DC5D /* ViewController.swift in Sources */ = {isa = PBXBuildFile; fileRef = D01FF9A92CF85B2500F5DC5D /* ViewController.swift */; };
		D01FF9AD2CF85B2500F5DC5D /* Main.storyboard in Resources */ = {isa = PBXBuildFile; fileRef = D01FF9AB2CF85B2500F5DC5D /* Main.storyboard */; };
		D01FF9AF2CF85B2700F5DC5D /* Assets.xcassets in Resources */ = {isa = PBXBuildFile; fileRef = D01FF9AE2CF85B2700F5DC5D /* Assets.xcassets */; };
		D01FF9B22CF85B2700F5DC5D /* LaunchScreen.storyboard in Resources */ = {isa = PBXBuildFile; fileRef = D01FF9B02CF85B2700F5DC5D /* LaunchScreen.storyboard */; };
		D01FF9BD2CF85B2700F5DC5D /* pursuitTests.swift in Sources */ = {isa = PBXBuildFile; fileRef = D01FF9BC2CF85B2700F5DC5D /* pursuitTests.swift */; };
		D01FF9C72CF85B2700F5DC5D /* pursuitUITests.swift in Sources */ = {isa = PBXBuildFile; fileRef = D01FF9C62CF85B2700F5DC5D /* pursuitUITests.swift */; };
		D01FF9C92CF85B2700F5DC5D /* pursuitUITestsLaunchTests.swift in Sources */ = {isa = PBXBuildFile; fileRef = D01FF9C82CF85B2700F5DC5D /* pursuitUITestsLaunchTests.swift */; };
		D06390552CF85BDB0006CC8B /* Users.swift in Sources */ = {isa = PBXBuildFile; fileRef = D06390542CF85BDB0006CC8B /* Users.swift */; };
		D063905D2CF85E4D0006CC8B /* JobSeeker.swift in Sources */ = {isa = PBXBuildFile; fileRef = D063905C2CF85E4D0006CC8B /* JobSeeker.swift */; };
		D063905F2CF8608E0006CC8B /* Employer.swift in Sources */ = {isa = PBXBuildFile; fileRef = D063905E2CF8608E0006CC8B /* Employer.swift */; };
		D06390612CF8619D0006CC8B /* Admin.swift in Sources */ = {isa = PBXBuildFile; fileRef = D06390602CF8619D0006CC8B /* Admin.swift */; };
		D06390632CF861BB0006CC8B /* Guest.swift in Sources */ = {isa = PBXBuildFile; fileRef = D06390622CF861BB0006CC8B /* Guest.swift */; };
		D5175D682D080BD100515407 /* CVCreationViewController.swift in Sources */ = {isa = PBXBuildFile; fileRef = D5175D672D080BD100515407 /* CVCreationViewController.swift */; };
		D5AA62F22D1F371800F18017 /* JobViewController.swift in Sources */ = {isa = PBXBuildFile; fileRef = D5AA62EC2D1F371800F18017 /* JobViewController.swift */; };
		D5AA62F32D1F371800F18017 /* EntryViewController.swift in Sources */ = {isa = PBXBuildFile; fileRef = D5AA62ED2D1F371800F18017 /* EntryViewController.swift */; };
		D5AA62F42D1F371800F18017 /* TaskViewController.swift in Sources */ = {isa = PBXBuildFile; fileRef = D5AA62EE2D1F371800F18017 /* TaskViewController.swift */; };
		D5AA62F52D1F371800F18017 /* JobTableViewCell.swift in Sources */ = {isa = PBXBuildFile; fileRef = D5AA62EF2D1F371800F18017 /* JobTableViewCell.swift */; };
		D5AA62F62D1F371800F18017 /* JobCreation.storyboard in Resources */ = {isa = PBXBuildFile; fileRef = D5AA62F12D1F371800F18017 /* JobCreation.storyboard */; };
		D5AA62F82D1F372100F18017 /* JobData.swift in Sources */ = {isa = PBXBuildFile; fileRef = D5AA62F72D1F372100F18017 /* JobData.swift */; };
/* End PBXBuildFile section */

/* Begin PBXContainerItemProxy section */
		D01FF9B92CF85B2700F5DC5D /* PBXContainerItemProxy */ = {
			isa = PBXContainerItemProxy;
			containerPortal = D01FF99A2CF85B2500F5DC5D /* Project object */;
			proxyType = 1;
			remoteGlobalIDString = D01FF9A12CF85B2500F5DC5D;
			remoteInfo = pursuit;
		};
		D01FF9C32CF85B2700F5DC5D /* PBXContainerItemProxy */ = {
			isa = PBXContainerItemProxy;
			containerPortal = D01FF99A2CF85B2500F5DC5D /* Project object */;
			proxyType = 1;
			remoteGlobalIDString = D01FF9A12CF85B2500F5DC5D;
			remoteInfo = pursuit;
		};
/* End PBXContainerItemProxy section */

/* Begin PBXFileReference section */
		575B2D1D2CFDE10D00840818 /* Job.swift */ = {isa = PBXFileReference; lastKnownFileType = sourcecode.swift; path = Job.swift; sourceTree = "<group>"; };
		575B2D1F2CFDE1BA00840818 /* JobApplication.swift */ = {isa = PBXFileReference; lastKnownFileType = sourcecode.swift; path = JobApplication.swift; sourceTree = "<group>"; };
		575B2D212CFDE61400840818 /* CV.swift */ = {isa = PBXFileReference; lastKnownFileType = sourcecode.swift; path = CV.swift; sourceTree = "<group>"; };
		575B2D272CFDF09D00840818 /* JobEntry.swift */ = {isa = PBXFileReference; lastKnownFileType = sourcecode.swift; path = JobEntry.swift; sourceTree = "<group>"; };
		575B2D292CFDF10200840818 /* Degree.swift */ = {isa = PBXFileReference; lastKnownFileType = sourcecode.swift; path = Degree.swift; sourceTree = "<group>"; };
		575B2D2B2CFDF21400840818 /* Video.swift */ = {isa = PBXFileReference; lastKnownFileType = sourcecode.swift; path = Video.swift; sourceTree = "<group>"; };
		575B2D2D2CFDF21E00840818 /* Article.swift */ = {isa = PBXFileReference; lastKnownFileType = sourcecode.swift; path = Article.swift; sourceTree = "<group>"; };
		575B2D2F2CFDF2CB00840818 /* Resources.swift */ = {isa = PBXFileReference; lastKnownFileType = sourcecode.swift; path = Resources.swift; sourceTree = "<group>"; };
		57C71DF82D00700B00F317AA /* HomeJobSeeker.storyboard */ = {isa = PBXFileReference; lastKnownFileType = file.storyboard; path = HomeJobSeeker.storyboard; sourceTree = "<group>"; };
		57C71DFA2D00708F00F317AA /* JobsJobSeeker.storyboard */ = {isa = PBXFileReference; lastKnownFileType = file.storyboard; path = JobsJobSeeker.storyboard; sourceTree = "<group>"; };
		57C71DFE2D00793900F317AA /* ProfileJobSeeker.storyboard */ = {isa = PBXFileReference; lastKnownFileType = file.storyboard; path = ProfileJobSeeker.storyboard; sourceTree = "<group>"; };
		57C71E002D00795F00F317AA /* ResourcesJobSeeker.storyboard */ = {isa = PBXFileReference; lastKnownFileType = file.storyboard; path = ResourcesJobSeeker.storyboard; sourceTree = "<group>"; };
		57C71E022D0088BD00F317AA /* CvCreationJobseeker.storyboard */ = {isa = PBXFileReference; lastKnownFileType = file.storyboard; path = CvCreationJobseeker.storyboard; sourceTree = "<group>"; };
		AC718EB32D1ED75100F3CF09 /* Assets.xcassets */ = {isa = PBXFileReference; lastKnownFileType = folder.assetcatalog; path = Assets.xcassets; sourceTree = "<group>"; };
		AC718EB62D1ED75100F3CF09 /* CompanyLogin.storyboard */ = {isa = PBXFileReference; fileEncoding = 4; lastKnownFileType = file.storyboard; path = CompanyLogin.storyboard; sourceTree = "<group>"; };
		AC718EB72D1ED75100F3CF09 /* Welcome.storyboard */ = {isa = PBXFileReference; fileEncoding = 4; lastKnownFileType = file.storyboard; path = Welcome.storyboard; sourceTree = "<group>"; };
		AC718EB82D1ED75100F3CF09 /* Login.storyboard */ = {isa = PBXFileReference; fileEncoding = 4; lastKnownFileType = file.storyboard; path = Login.storyboard; sourceTree = "<group>"; };
		AC718EBA2D1ED75100F3CF09 /* CompanyLoginController.swift */ = {isa = PBXFileReference; fileEncoding = 4; lastKnownFileType = sourcecode.swift; path = CompanyLoginController.swift; sourceTree = "<group>"; };
		AC718EBB2D1ED75100F3CF09 /* CoRegisterViewController.swift */ = {isa = PBXFileReference; fileEncoding = 4; lastKnownFileType = sourcecode.swift; path = CoRegisterViewController.swift; sourceTree = "<group>"; };
		AC718EBC2D1ED75100F3CF09 /* AdminLoginViewController.swift */ = {isa = PBXFileReference; fileEncoding = 4; lastKnownFileType = sourcecode.swift; path = AdminLoginViewController.swift; sourceTree = "<group>"; };
		AC718EBD2D1ED75100F3CF09 /* LoginViewController.swift */ = {isa = PBXFileReference; fileEncoding = 4; lastKnownFileType = sourcecode.swift; path = LoginViewController.swift; sourceTree = "<group>"; };
		AC718EBE2D1ED75100F3CF09 /* RegisterViewController.swift */ = {isa = PBXFileReference; fileEncoding = 4; lastKnownFileType = sourcecode.swift; path = RegisterViewController.swift; sourceTree = "<group>"; };
		AC718EBF2D1ED75100F3CF09 /* GoogleService-Info.plist */ = {isa = PBXFileReference; fileEncoding = 4; lastKnownFileType = text.plist.xml; path = "GoogleService-Info.plist"; sourceTree = "<group>"; };
		AC718ED42D1ED96F00F3CF09 /* BaseJobSeeker.storyboard */ = {isa = PBXFileReference; fileEncoding = 4; lastKnownFileType = file.storyboard; path = BaseJobSeeker.storyboard; sourceTree = "<group>"; };
		AC718EFC2D1EF94D00F3CF09 /* ProfileEmployer.storyboard */ = {isa = PBXFileReference; fileEncoding = 4; lastKnownFileType = file.storyboard; path = ProfileEmployer.storyboard; sourceTree = "<group>"; };
		AC718EFD2D1EF94D00F3CF09 /* BaseEmployer.storyboard */ = {isa = PBXFileReference; fileEncoding = 4; lastKnownFileType = file.storyboard; path = BaseEmployer.storyboard; sourceTree = "<group>"; };
		AC718EFE2D1EF94D00F3CF09 /* HomeEmployer.storyboard */ = {isa = PBXFileReference; fileEncoding = 4; lastKnownFileType = file.storyboard; path = HomeEmployer.storyboard; sourceTree = "<group>"; };
		AC718EFF2D1EF94D00F3CF09 /* ApplicantsEmployer.storyboard */ = {isa = PBXFileReference; fileEncoding = 4; lastKnownFileType = file.storyboard; path = ApplicantsEmployer.storyboard; sourceTree = "<group>"; };
		AC718F062D1F120A00F3CF09 /* JobsGuest.storyboard */ = {isa = PBXFileReference; fileEncoding = 4; lastKnownFileType = file.storyboard; path = JobsGuest.storyboard; sourceTree = "<group>"; };
		AC718F072D1F120A00F3CF09 /* BaseGuest.storyboard */ = {isa = PBXFileReference; fileEncoding = 4; lastKnownFileType = file.storyboard; path = BaseGuest.storyboard; sourceTree = "<group>"; };
		AC718F082D1F120A00F3CF09 /* HomeGuest.storyboard */ = {isa = PBXFileReference; fileEncoding = 4; lastKnownFileType = file.storyboard; path = HomeGuest.storyboard; sourceTree = "<group>"; };
		AC718F092D1F120A00F3CF09 /* ResourcesGuest.storyboard */ = {isa = PBXFileReference; fileEncoding = 4; lastKnownFileType = file.storyboard; path = ResourcesGuest.storyboard; sourceTree = "<group>"; };
		AC718F0A2D1F120A00F3CF09 /* ProfileGuest.storyboard */ = {isa = PBXFileReference; fileEncoding = 4; lastKnownFileType = file.storyboard; path = ProfileGuest.storyboard; sourceTree = "<group>"; };
		AC718F112D1F15B400F3CF09 /* JobsAdmin.storyboard */ = {isa = PBXFileReference; fileEncoding = 4; lastKnownFileType = file.storyboard; path = JobsAdmin.storyboard; sourceTree = "<group>"; };
		AC718F122D1F15B400F3CF09 /* BaseAdmin.storyboard */ = {isa = PBXFileReference; fileEncoding = 4; lastKnownFileType = file.storyboard; path = BaseAdmin.storyboard; sourceTree = "<group>"; };
		AC718F132D1F15B400F3CF09 /* HomeAdmin.storyboard */ = {isa = PBXFileReference; fileEncoding = 4; lastKnownFileType = file.storyboard; path = HomeAdmin.storyboard; sourceTree = "<group>"; };
		AC718F142D1F15B400F3CF09 /* ResourcesAdmin.storyboard */ = {isa = PBXFileReference; fileEncoding = 4; lastKnownFileType = file.storyboard; path = ResourcesAdmin.storyboard; sourceTree = "<group>"; };
		AC718F152D1F15B400F3CF09 /* ApplicantsAdmin.storyboard */ = {isa = PBXFileReference; fileEncoding = 4; lastKnownFileType = file.storyboard; path = ApplicantsAdmin.storyboard; sourceTree = "<group>"; };
		AC718F1D2D1F174900F3CF09 /* ProfileAdmin.storyboard */ = {isa = PBXFileReference; fileEncoding = 4; lastKnownFileType = file.storyboard; path = ProfileAdmin.storyboard; sourceTree = "<group>"; };
		D01FF9A22CF85B2500F5DC5D /* pursuit.app */ = {isa = PBXFileReference; explicitFileType = wrapper.application; includeInIndex = 0; path = pursuit.app; sourceTree = BUILT_PRODUCTS_DIR; };
		D01FF9A52CF85B2500F5DC5D /* AppDelegate.swift */ = {isa = PBXFileReference; lastKnownFileType = sourcecode.swift; path = AppDelegate.swift; sourceTree = "<group>"; };
		D01FF9A72CF85B2500F5DC5D /* SceneDelegate.swift */ = {isa = PBXFileReference; lastKnownFileType = sourcecode.swift; path = SceneDelegate.swift; sourceTree = "<group>"; };
		D01FF9A92CF85B2500F5DC5D /* ViewController.swift */ = {isa = PBXFileReference; lastKnownFileType = sourcecode.swift; path = ViewController.swift; sourceTree = "<group>"; };
		D01FF9AC2CF85B2500F5DC5D /* Base */ = {isa = PBXFileReference; lastKnownFileType = file.storyboard; name = Base; path = Base.lproj/Main.storyboard; sourceTree = "<group>"; };
		D01FF9AE2CF85B2700F5DC5D /* Assets.xcassets */ = {isa = PBXFileReference; lastKnownFileType = folder.assetcatalog; path = Assets.xcassets; sourceTree = "<group>"; };
		D01FF9B12CF85B2700F5DC5D /* Base */ = {isa = PBXFileReference; lastKnownFileType = file.storyboard; name = Base; path = Base.lproj/LaunchScreen.storyboard; sourceTree = "<group>"; };
		D01FF9B32CF85B2700F5DC5D /* Info.plist */ = {isa = PBXFileReference; lastKnownFileType = text.plist.xml; path = Info.plist; sourceTree = "<group>"; };
		D01FF9B82CF85B2700F5DC5D /* pursuitTests.xctest */ = {isa = PBXFileReference; explicitFileType = wrapper.cfbundle; includeInIndex = 0; path = pursuitTests.xctest; sourceTree = BUILT_PRODUCTS_DIR; };
		D01FF9BC2CF85B2700F5DC5D /* pursuitTests.swift */ = {isa = PBXFileReference; lastKnownFileType = sourcecode.swift; path = pursuitTests.swift; sourceTree = "<group>"; };
		D01FF9C22CF85B2700F5DC5D /* pursuitUITests.xctest */ = {isa = PBXFileReference; explicitFileType = wrapper.cfbundle; includeInIndex = 0; path = pursuitUITests.xctest; sourceTree = BUILT_PRODUCTS_DIR; };
		D01FF9C62CF85B2700F5DC5D /* pursuitUITests.swift */ = {isa = PBXFileReference; lastKnownFileType = sourcecode.swift; path = pursuitUITests.swift; sourceTree = "<group>"; };
		D01FF9C82CF85B2700F5DC5D /* pursuitUITestsLaunchTests.swift */ = {isa = PBXFileReference; lastKnownFileType = sourcecode.swift; path = pursuitUITestsLaunchTests.swift; sourceTree = "<group>"; };
		D06390542CF85BDB0006CC8B /* Users.swift */ = {isa = PBXFileReference; lastKnownFileType = sourcecode.swift; path = Users.swift; sourceTree = "<group>"; };
		D063905C2CF85E4D0006CC8B /* JobSeeker.swift */ = {isa = PBXFileReference; lastKnownFileType = sourcecode.swift; path = JobSeeker.swift; sourceTree = "<group>"; };
		D063905E2CF8608E0006CC8B /* Employer.swift */ = {isa = PBXFileReference; lastKnownFileType = sourcecode.swift; path = Employer.swift; sourceTree = "<group>"; };
		D06390602CF8619D0006CC8B /* Admin.swift */ = {isa = PBXFileReference; lastKnownFileType = sourcecode.swift; path = Admin.swift; sourceTree = "<group>"; };
		D06390622CF861BB0006CC8B /* Guest.swift */ = {isa = PBXFileReference; lastKnownFileType = sourcecode.swift; path = Guest.swift; sourceTree = "<group>"; };
		D5175D672D080BD100515407 /* CVCreationViewController.swift */ = {isa = PBXFileReference; lastKnownFileType = sourcecode.swift; path = CVCreationViewController.swift; sourceTree = "<group>"; };
		D5AA62EC2D1F371800F18017 /* JobViewController.swift */ = {isa = PBXFileReference; fileEncoding = 4; lastKnownFileType = sourcecode.swift; path = JobViewController.swift; sourceTree = "<group>"; };
		D5AA62ED2D1F371800F18017 /* EntryViewController.swift */ = {isa = PBXFileReference; fileEncoding = 4; lastKnownFileType = sourcecode.swift; path = EntryViewController.swift; sourceTree = "<group>"; };
		D5AA62EE2D1F371800F18017 /* TaskViewController.swift */ = {isa = PBXFileReference; fileEncoding = 4; lastKnownFileType = sourcecode.swift; path = TaskViewController.swift; sourceTree = "<group>"; };
		D5AA62EF2D1F371800F18017 /* JobTableViewCell.swift */ = {isa = PBXFileReference; fileEncoding = 4; lastKnownFileType = sourcecode.swift; path = JobTableViewCell.swift; sourceTree = "<group>"; };
		D5AA62F12D1F371800F18017 /* JobCreation.storyboard */ = {isa = PBXFileReference; fileEncoding = 4; lastKnownFileType = file.storyboard; path = JobCreation.storyboard; sourceTree = "<group>"; };
		D5AA62F72D1F372100F18017 /* JobData.swift */ = {isa = PBXFileReference; fileEncoding = 4; lastKnownFileType = sourcecode.swift; path = JobData.swift; sourceTree = "<group>"; };
/* End PBXFileReference section */

/* Begin PBXFrameworksBuildPhase section */
		D01FF99F2CF85B2500F5DC5D /* Frameworks */ = {
			isa = PBXFrameworksBuildPhase;
			buildActionMask = 2147483647;
			files = (
				AC718ECF2D1ED7EB00F3CF09 /* FirebaseCore in Frameworks */,
				AC718ECD2D1ED7EB00F3CF09 /* FirebaseAuth in Frameworks */,
				AC718ED12D1ED7EB00F3CF09 /* FirebaseFirestore in Frameworks */,
			);
			runOnlyForDeploymentPostprocessing = 0;
		};
		D01FF9B52CF85B2700F5DC5D /* Frameworks */ = {
			isa = PBXFrameworksBuildPhase;
			buildActionMask = 2147483647;
			files = (
			);
			runOnlyForDeploymentPostprocessing = 0;
		};
		D01FF9BF2CF85B2700F5DC5D /* Frameworks */ = {
			isa = PBXFrameworksBuildPhase;
			buildActionMask = 2147483647;
			files = (
			);
			runOnlyForDeploymentPostprocessing = 0;
		};
/* End PBXFrameworksBuildPhase section */

/* Begin PBXGroup section */
		AC718EB22D1ED73B00F3CF09 /* ali ebrahim */ = {
			isa = PBXGroup;
			children = (
				AC718EB32D1ED75100F3CF09 /* Assets.xcassets */,
				AC718EB92D1ED75100F3CF09 /* Controllers */,
				AC718EB52D1ED75100F3CF09 /* Views */,
			);
			path = "ali ebrahim";
			sourceTree = "<group>";
		};
		AC718EB52D1ED75100F3CF09 /* Views */ = {
			isa = PBXGroup;
			children = (
				AC718EB62D1ED75100F3CF09 /* CompanyLogin.storyboard */,
				AC718EB72D1ED75100F3CF09 /* Welcome.storyboard */,
				AC718EB82D1ED75100F3CF09 /* Login.storyboard */,
			);
			path = Views;
			sourceTree = "<group>";
		};
		AC718EB92D1ED75100F3CF09 /* Controllers */ = {
			isa = PBXGroup;
			children = (
				AC718EBA2D1ED75100F3CF09 /* CompanyLoginController.swift */,
				AC718EBB2D1ED75100F3CF09 /* CoRegisterViewController.swift */,
				AC718EBC2D1ED75100F3CF09 /* AdminLoginViewController.swift */,
				AC718EBD2D1ED75100F3CF09 /* LoginViewController.swift */,
				AC718EBE2D1ED75100F3CF09 /* RegisterViewController.swift */,
			);
			path = Controllers;
			sourceTree = "<group>";
		};
		AC718ED92D1ED9E300F3CF09 /* JobSeekerBase */ = {
			isa = PBXGroup;
			children = (
				AC718ED42D1ED96F00F3CF09 /* BaseJobSeeker.storyboard */,
				57C71DF82D00700B00F317AA /* HomeJobSeeker.storyboard */,
				57C71DFA2D00708F00F317AA /* JobsJobSeeker.storyboard */,
				57C71DFE2D00793900F317AA /* ProfileJobSeeker.storyboard */,
				57C71E002D00795F00F317AA /* ResourcesJobSeeker.storyboard */,
			);
			path = JobSeekerBase;
			sourceTree = "<group>";
		};
		AC718EFA2D1EF94D00F3CF09 /* EmployerBase */ = {
			isa = PBXGroup;
			children = (
				AC718EFC2D1EF94D00F3CF09 /* ProfileEmployer.storyboard */,
				AC718EFD2D1EF94D00F3CF09 /* BaseEmployer.storyboard */,
				AC718EFE2D1EF94D00F3CF09 /* HomeEmployer.storyboard */,
				AC718EFF2D1EF94D00F3CF09 /* ApplicantsEmployer.storyboard */,
			);
			path = EmployerBase;
			sourceTree = "<group>";
		};
		AC718F052D1F120A00F3CF09 /* GuestBase */ = {
			isa = PBXGroup;
			children = (
				AC718F062D1F120A00F3CF09 /* JobsGuest.storyboard */,
				AC718F072D1F120A00F3CF09 /* BaseGuest.storyboard */,
				AC718F082D1F120A00F3CF09 /* HomeGuest.storyboard */,
				AC718F092D1F120A00F3CF09 /* ResourcesGuest.storyboard */,
				AC718F0A2D1F120A00F3CF09 /* ProfileGuest.storyboard */,
			);
			path = GuestBase;
			sourceTree = "<group>";
		};
		AC718F102D1F15B400F3CF09 /* AdminBase */ = {
			isa = PBXGroup;
			children = (
				AC718F1D2D1F174900F3CF09 /* ProfileAdmin.storyboard */,
				AC718F112D1F15B400F3CF09 /* JobsAdmin.storyboard */,
				AC718F122D1F15B400F3CF09 /* BaseAdmin.storyboard */,
				AC718F132D1F15B400F3CF09 /* HomeAdmin.storyboard */,
				AC718F142D1F15B400F3CF09 /* ResourcesAdmin.storyboard */,
				AC718F152D1F15B400F3CF09 /* ApplicantsAdmin.storyboard */,
			);
			path = AdminBase;
			sourceTree = "<group>";
		};
		D01FF9992CF85B2500F5DC5D = {
			isa = PBXGroup;
			children = (
				D01FF9A42CF85B2500F5DC5D /* pursuit */,
				D01FF9BB2CF85B2700F5DC5D /* pursuitTests */,
				D01FF9C52CF85B2700F5DC5D /* pursuitUITests */,
				D01FF9A32CF85B2500F5DC5D /* Products */,
			);
			sourceTree = "<group>";
		};
		D01FF9A32CF85B2500F5DC5D /* Products */ = {
			isa = PBXGroup;
			children = (
				D01FF9A22CF85B2500F5DC5D /* pursuit.app */,
				D01FF9B82CF85B2700F5DC5D /* pursuitTests.xctest */,
				D01FF9C22CF85B2700F5DC5D /* pursuitUITests.xctest */,
			);
			name = Products;
			sourceTree = "<group>";
		};
		D01FF9A42CF85B2500F5DC5D /* pursuit */ = {
			isa = PBXGroup;
			children = (
				D5AA62EA2D1F371800F18017 /* Abbas Ali */,
				AC718EB22D1ED73B00F3CF09 /* ali ebrahim */,
				D06390532CF85BBA0006CC8B /* Controllers */,
				D06390522CF85BAF0006CC8B /* Views */,
				D06390502CF85B9F0006CC8B /* Models */,
				D01FF9A52CF85B2500F5DC5D /* AppDelegate.swift */,
				D01FF9A72CF85B2500F5DC5D /* SceneDelegate.swift */,
				D01FF9A92CF85B2500F5DC5D /* ViewController.swift */,
				D01FF9AB2CF85B2500F5DC5D /* Main.storyboard */,
				D01FF9AE2CF85B2700F5DC5D /* Assets.xcassets */,
				D01FF9B02CF85B2700F5DC5D /* LaunchScreen.storyboard */,
				D01FF9B32CF85B2700F5DC5D /* Info.plist */,
				AC718EBF2D1ED75100F3CF09 /* GoogleService-Info.plist */,
			);
			path = pursuit;
			sourceTree = "<group>";
		};
		D01FF9BB2CF85B2700F5DC5D /* pursuitTests */ = {
			isa = PBXGroup;
			children = (
				D01FF9BC2CF85B2700F5DC5D /* pursuitTests.swift */,
			);
			path = pursuitTests;
			sourceTree = "<group>";
		};
		D01FF9C52CF85B2700F5DC5D /* pursuitUITests */ = {
			isa = PBXGroup;
			children = (
				D01FF9C62CF85B2700F5DC5D /* pursuitUITests.swift */,
				D01FF9C82CF85B2700F5DC5D /* pursuitUITestsLaunchTests.swift */,
			);
			path = pursuitUITests;
			sourceTree = "<group>";
		};
		D06390502CF85B9F0006CC8B /* Models */ = {
			isa = PBXGroup;
			children = (
				D5AA62F72D1F372100F18017 /* JobData.swift */,
				D06390542CF85BDB0006CC8B /* Users.swift */,
				D063905C2CF85E4D0006CC8B /* JobSeeker.swift */,
				D063905E2CF8608E0006CC8B /* Employer.swift */,
				D06390602CF8619D0006CC8B /* Admin.swift */,
				D06390622CF861BB0006CC8B /* Guest.swift */,
				575B2D1D2CFDE10D00840818 /* Job.swift */,
				575B2D1F2CFDE1BA00840818 /* JobApplication.swift */,
				575B2D212CFDE61400840818 /* CV.swift */,
				575B2D272CFDF09D00840818 /* JobEntry.swift */,
				575B2D292CFDF10200840818 /* Degree.swift */,
				575B2D2B2CFDF21400840818 /* Video.swift */,
				575B2D2D2CFDF21E00840818 /* Article.swift */,
				575B2D2F2CFDF2CB00840818 /* Resources.swift */,
			);
			path = Models;
			sourceTree = "<group>";
		};
		D06390522CF85BAF0006CC8B /* Views */ = {
			isa = PBXGroup;
			children = (
				AC718F102D1F15B400F3CF09 /* AdminBase */,
				AC718F052D1F120A00F3CF09 /* GuestBase */,
				AC718EFA2D1EF94D00F3CF09 /* EmployerBase */,
				AC718ED92D1ED9E300F3CF09 /* JobSeekerBase */,
				57C71E022D0088BD00F317AA /* CvCreationJobseeker.storyboard */,
			);
			path = Views;
			sourceTree = "<group>";
		};
		D06390532CF85BBA0006CC8B /* Controllers */ = {
			isa = PBXGroup;
			children = (
				D5175D672D080BD100515407 /* CVCreationViewController.swift */,
			);
			path = Controllers;
			sourceTree = "<group>";
		};
		D5AA62EA2D1F371800F18017 /* Abbas Ali */ = {
			isa = PBXGroup;
			children = (
				D5AA62EB2D1F371800F18017 /* Controllers */,
				D5AA62F02D1F371800F18017 /* Views */,
			);
			path = "Abbas Ali";
			sourceTree = "<group>";
		};
		D5AA62EB2D1F371800F18017 /* Controllers */ = {
			isa = PBXGroup;
			children = (
				D5AA62EC2D1F371800F18017 /* JobViewController.swift */,
				D5AA62ED2D1F371800F18017 /* EntryViewController.swift */,
				D5AA62EE2D1F371800F18017 /* TaskViewController.swift */,
				D5AA62EF2D1F371800F18017 /* JobTableViewCell.swift */,
			);
			path = Controllers;
			sourceTree = "<group>";
		};
		D5AA62F02D1F371800F18017 /* Views */ = {
			isa = PBXGroup;
			children = (
				D5AA62F12D1F371800F18017 /* JobCreation.storyboard */,
			);
			path = Views;
			sourceTree = "<group>";
		};
/* End PBXGroup section */

/* Begin PBXNativeTarget section */
		D01FF9A12CF85B2500F5DC5D /* pursuit */ = {
			isa = PBXNativeTarget;
			buildConfigurationList = D01FF9CC2CF85B2700F5DC5D /* Build configuration list for PBXNativeTarget "pursuit" */;
			buildPhases = (
				D01FF99E2CF85B2500F5DC5D /* Sources */,
				D01FF99F2CF85B2500F5DC5D /* Frameworks */,
				D01FF9A02CF85B2500F5DC5D /* Resources */,
			);
			buildRules = (
			);
			dependencies = (
			);
			name = pursuit;
			packageProductDependencies = (
				AC718ECC2D1ED7EB00F3CF09 /* FirebaseAuth */,
				AC718ECE2D1ED7EB00F3CF09 /* FirebaseCore */,
				AC718ED02D1ED7EB00F3CF09 /* FirebaseFirestore */,
			);
			productName = pursuit;
			productReference = D01FF9A22CF85B2500F5DC5D /* pursuit.app */;
			productType = "com.apple.product-type.application";
		};
		D01FF9B72CF85B2700F5DC5D /* pursuitTests */ = {
			isa = PBXNativeTarget;
			buildConfigurationList = D01FF9CF2CF85B2700F5DC5D /* Build configuration list for PBXNativeTarget "pursuitTests" */;
			buildPhases = (
				D01FF9B42CF85B2700F5DC5D /* Sources */,
				D01FF9B52CF85B2700F5DC5D /* Frameworks */,
				D01FF9B62CF85B2700F5DC5D /* Resources */,
			);
			buildRules = (
			);
			dependencies = (
				D01FF9BA2CF85B2700F5DC5D /* PBXTargetDependency */,
			);
			name = pursuitTests;
			productName = pursuitTests;
			productReference = D01FF9B82CF85B2700F5DC5D /* pursuitTests.xctest */;
			productType = "com.apple.product-type.bundle.unit-test";
		};
		D01FF9C12CF85B2700F5DC5D /* pursuitUITests */ = {
			isa = PBXNativeTarget;
			buildConfigurationList = D01FF9D22CF85B2700F5DC5D /* Build configuration list for PBXNativeTarget "pursuitUITests" */;
			buildPhases = (
				D01FF9BE2CF85B2700F5DC5D /* Sources */,
				D01FF9BF2CF85B2700F5DC5D /* Frameworks */,
				D01FF9C02CF85B2700F5DC5D /* Resources */,
			);
			buildRules = (
			);
			dependencies = (
				D01FF9C42CF85B2700F5DC5D /* PBXTargetDependency */,
			);
			name = pursuitUITests;
			productName = pursuitUITests;
			productReference = D01FF9C22CF85B2700F5DC5D /* pursuitUITests.xctest */;
			productType = "com.apple.product-type.bundle.ui-testing";
		};
/* End PBXNativeTarget section */

/* Begin PBXProject section */
		D01FF99A2CF85B2500F5DC5D /* Project object */ = {
			isa = PBXProject;
			attributes = {
				BuildIndependentTargetsInParallel = 1;
				LastSwiftUpdateCheck = 1520;
				LastUpgradeCheck = 1520;
				TargetAttributes = {
					D01FF9A12CF85B2500F5DC5D = {
						CreatedOnToolsVersion = 15.2;
					};
					D01FF9B72CF85B2700F5DC5D = {
						CreatedOnToolsVersion = 15.2;
						TestTargetID = D01FF9A12CF85B2500F5DC5D;
					};
					D01FF9C12CF85B2700F5DC5D = {
						CreatedOnToolsVersion = 15.2;
						TestTargetID = D01FF9A12CF85B2500F5DC5D;
					};
				};
			};
			buildConfigurationList = D01FF99D2CF85B2500F5DC5D /* Build configuration list for PBXProject "pursuit" */;
			compatibilityVersion = "Xcode 14.0";
			developmentRegion = en;
			hasScannedForEncodings = 0;
			knownRegions = (
				en,
				Base,
			);
			mainGroup = D01FF9992CF85B2500F5DC5D;
			packageReferences = (
				AC718ECB2D1ED7EB00F3CF09 /* XCRemoteSwiftPackageReference "firebase-ios-sdk" */,
			);
			productRefGroup = D01FF9A32CF85B2500F5DC5D /* Products */;
			projectDirPath = "";
			projectRoot = "";
			targets = (
				D01FF9A12CF85B2500F5DC5D /* pursuit */,
				D01FF9B72CF85B2700F5DC5D /* pursuitTests */,
				D01FF9C12CF85B2700F5DC5D /* pursuitUITests */,
			);
		};
/* End PBXProject section */

/* Begin PBXResourcesBuildPhase section */
		D01FF9A02CF85B2500F5DC5D /* Resources */ = {
			isa = PBXResourcesBuildPhase;
			buildActionMask = 2147483647;
			files = (
				AC718F032D1EF94D00F3CF09 /* HomeEmployer.storyboard in Resources */,
				D01FF9B22CF85B2700F5DC5D /* LaunchScreen.storyboard in Resources */,
				57C71DF92D00700B00F317AA /* HomeJobSeeker.storyboard in Resources */,
				AC718EC22D1ED75100F3CF09 /* CompanyLogin.storyboard in Resources */,
				D01FF9AF2CF85B2700F5DC5D /* Assets.xcassets in Resources */,
				57C71DFB2D00708F00F317AA /* JobsJobSeeker.storyboard in Resources */,
				AC718F0D2D1F120A00F3CF09 /* HomeGuest.storyboard in Resources */,
				AC718F0E2D1F120A00F3CF09 /* ResourcesGuest.storyboard in Resources */,
				AC718EC42D1ED75100F3CF09 /* Login.storyboard in Resources */,
				AC718ED72D1ED96F00F3CF09 /* BaseJobSeeker.storyboard in Resources */,
				AC718F172D1F15B400F3CF09 /* BaseAdmin.storyboard in Resources */,
				AC718ECA2D1ED75100F3CF09 /* GoogleService-Info.plist in Resources */,
				AC718F1E2D1F174900F3CF09 /* ProfileAdmin.storyboard in Resources */,
				AC718F0C2D1F120A00F3CF09 /* BaseGuest.storyboard in Resources */,
				AC718F022D1EF94D00F3CF09 /* BaseEmployer.storyboard in Resources */,
				AC718F1A2D1F15B400F3CF09 /* ApplicantsAdmin.storyboard in Resources */,
				57C71E012D00795F00F317AA /* ResourcesJobSeeker.storyboard in Resources */,
				AC718F192D1F15B400F3CF09 /* ResourcesAdmin.storyboard in Resources */,
				AC718F042D1EF94D00F3CF09 /* ApplicantsEmployer.storyboard in Resources */,
				57C71DFF2D00793900F317AA /* ProfileJobSeeker.storyboard in Resources */,
				D01FF9AD2CF85B2500F5DC5D /* Main.storyboard in Resources */,
				AC718EC02D1ED75100F3CF09 /* Assets.xcassets in Resources */,
				AC718F162D1F15B400F3CF09 /* JobsAdmin.storyboard in Resources */,
				57C71E032D0088BD00F317AA /* CvCreationJobseeker.storyboard in Resources */,
				AC718F0B2D1F120A00F3CF09 /* JobsGuest.storyboard in Resources */,
				AC718EC32D1ED75100F3CF09 /* Welcome.storyboard in Resources */,
				AC718F012D1EF94D00F3CF09 /* ProfileEmployer.storyboard in Resources */,
				AC718F0F2D1F120A00F3CF09 /* ProfileGuest.storyboard in Resources */,
				D5AA62F62D1F371800F18017 /* JobCreation.storyboard in Resources */,
				AC718F182D1F15B400F3CF09 /* HomeAdmin.storyboard in Resources */,
			);
			runOnlyForDeploymentPostprocessing = 0;
		};
		D01FF9B62CF85B2700F5DC5D /* Resources */ = {
			isa = PBXResourcesBuildPhase;
			buildActionMask = 2147483647;
			files = (
			);
			runOnlyForDeploymentPostprocessing = 0;
		};
		D01FF9C02CF85B2700F5DC5D /* Resources */ = {
			isa = PBXResourcesBuildPhase;
			buildActionMask = 2147483647;
			files = (
			);
			runOnlyForDeploymentPostprocessing = 0;
		};
/* End PBXResourcesBuildPhase section */

/* Begin PBXSourcesBuildPhase section */
		D01FF99E2CF85B2500F5DC5D /* Sources */ = {
			isa = PBXSourcesBuildPhase;
			buildActionMask = 2147483647;
			files = (
				AC718EC62D1ED75100F3CF09 /* CoRegisterViewController.swift in Sources */,
				575B2D282CFDF09D00840818 /* JobEntry.swift in Sources */,
				D5AA62F42D1F371800F18017 /* TaskViewController.swift in Sources */,
				D5AA62F82D1F372100F18017 /* JobData.swift in Sources */,
				D06390552CF85BDB0006CC8B /* Users.swift in Sources */,
				AC718EC92D1ED75100F3CF09 /* RegisterViewController.swift in Sources */,
				AC718EC82D1ED75100F3CF09 /* LoginViewController.swift in Sources */,
				D5AA62F32D1F371800F18017 /* EntryViewController.swift in Sources */,
				D5AA62F52D1F371800F18017 /* JobTableViewCell.swift in Sources */,
				575B2D2A2CFDF10200840818 /* Degree.swift in Sources */,
				D063905F2CF8608E0006CC8B /* Employer.swift in Sources */,
				D5AA62F22D1F371800F18017 /* JobViewController.swift in Sources */,
				575B2D2C2CFDF21400840818 /* Video.swift in Sources */,
				D06390632CF861BB0006CC8B /* Guest.swift in Sources */,
				D01FF9AA2CF85B2500F5DC5D /* ViewController.swift in Sources */,
				D063905D2CF85E4D0006CC8B /* JobSeeker.swift in Sources */,
				575B2D202CFDE1BA00840818 /* JobApplication.swift in Sources */,
				575B2D302CFDF2CB00840818 /* Resources.swift in Sources */,
				AC718EC72D1ED75100F3CF09 /* AdminLoginViewController.swift in Sources */,
				D01FF9A62CF85B2500F5DC5D /* AppDelegate.swift in Sources */,
				575B2D1E2CFDE10D00840818 /* Job.swift in Sources */,
				575B2D222CFDE61400840818 /* CV.swift in Sources */,
				D5175D682D080BD100515407 /* CVCreationViewController.swift in Sources */,
				AC718EC52D1ED75100F3CF09 /* CompanyLoginController.swift in Sources */,
				575B2D2E2CFDF21E00840818 /* Article.swift in Sources */,
				D01FF9A82CF85B2500F5DC5D /* SceneDelegate.swift in Sources */,
				D06390612CF8619D0006CC8B /* Admin.swift in Sources */,
			);
			runOnlyForDeploymentPostprocessing = 0;
		};
		D01FF9B42CF85B2700F5DC5D /* Sources */ = {
			isa = PBXSourcesBuildPhase;
			buildActionMask = 2147483647;
			files = (
				D01FF9BD2CF85B2700F5DC5D /* pursuitTests.swift in Sources */,
			);
			runOnlyForDeploymentPostprocessing = 0;
		};
		D01FF9BE2CF85B2700F5DC5D /* Sources */ = {
			isa = PBXSourcesBuildPhase;
			buildActionMask = 2147483647;
			files = (
				D01FF9C72CF85B2700F5DC5D /* pursuitUITests.swift in Sources */,
				D01FF9C92CF85B2700F5DC5D /* pursuitUITestsLaunchTests.swift in Sources */,
			);
			runOnlyForDeploymentPostprocessing = 0;
		};
/* End PBXSourcesBuildPhase section */

/* Begin PBXTargetDependency section */
		D01FF9BA2CF85B2700F5DC5D /* PBXTargetDependency */ = {
			isa = PBXTargetDependency;
			target = D01FF9A12CF85B2500F5DC5D /* pursuit */;
			targetProxy = D01FF9B92CF85B2700F5DC5D /* PBXContainerItemProxy */;
		};
		D01FF9C42CF85B2700F5DC5D /* PBXTargetDependency */ = {
			isa = PBXTargetDependency;
			target = D01FF9A12CF85B2500F5DC5D /* pursuit */;
			targetProxy = D01FF9C32CF85B2700F5DC5D /* PBXContainerItemProxy */;
		};
/* End PBXTargetDependency section */

/* Begin PBXVariantGroup section */
		D01FF9AB2CF85B2500F5DC5D /* Main.storyboard */ = {
			isa = PBXVariantGroup;
			children = (
				D01FF9AC2CF85B2500F5DC5D /* Base */,
			);
			name = Main.storyboard;
			sourceTree = "<group>";
		};
		D01FF9B02CF85B2700F5DC5D /* LaunchScreen.storyboard */ = {
			isa = PBXVariantGroup;
			children = (
				D01FF9B12CF85B2700F5DC5D /* Base */,
			);
			name = LaunchScreen.storyboard;
			sourceTree = "<group>";
		};
/* End PBXVariantGroup section */

/* Begin XCBuildConfiguration section */
		D01FF9CA2CF85B2700F5DC5D /* Debug */ = {
			isa = XCBuildConfiguration;
			buildSettings = {
				ALWAYS_SEARCH_USER_PATHS = NO;
				ASSETCATALOG_COMPILER_GENERATE_SWIFT_ASSET_SYMBOL_EXTENSIONS = YES;
				CLANG_ANALYZER_NONNULL = YES;
				CLANG_ANALYZER_NUMBER_OBJECT_CONVERSION = YES_AGGRESSIVE;
				CLANG_CXX_LANGUAGE_STANDARD = "gnu++20";
				CLANG_ENABLE_MODULES = YES;
				CLANG_ENABLE_OBJC_ARC = YES;
				CLANG_ENABLE_OBJC_WEAK = YES;
				CLANG_WARN_BLOCK_CAPTURE_AUTORELEASING = YES;
				CLANG_WARN_BOOL_CONVERSION = YES;
				CLANG_WARN_COMMA = YES;
				CLANG_WARN_CONSTANT_CONVERSION = YES;
				CLANG_WARN_DEPRECATED_OBJC_IMPLEMENTATIONS = YES;
				CLANG_WARN_DIRECT_OBJC_ISA_USAGE = YES_ERROR;
				CLANG_WARN_DOCUMENTATION_COMMENTS = YES;
				CLANG_WARN_EMPTY_BODY = YES;
				CLANG_WARN_ENUM_CONVERSION = YES;
				CLANG_WARN_INFINITE_RECURSION = YES;
				CLANG_WARN_INT_CONVERSION = YES;
				CLANG_WARN_NON_LITERAL_NULL_CONVERSION = YES;
				CLANG_WARN_OBJC_IMPLICIT_RETAIN_SELF = YES;
				CLANG_WARN_OBJC_LITERAL_CONVERSION = YES;
				CLANG_WARN_OBJC_ROOT_CLASS = YES_ERROR;
				CLANG_WARN_QUOTED_INCLUDE_IN_FRAMEWORK_HEADER = YES;
				CLANG_WARN_RANGE_LOOP_ANALYSIS = YES;
				CLANG_WARN_STRICT_PROTOTYPES = YES;
				CLANG_WARN_SUSPICIOUS_MOVE = YES;
				CLANG_WARN_UNGUARDED_AVAILABILITY = YES_AGGRESSIVE;
				CLANG_WARN_UNREACHABLE_CODE = YES;
				CLANG_WARN__DUPLICATE_METHOD_MATCH = YES;
				COPY_PHASE_STRIP = NO;
				DEBUG_INFORMATION_FORMAT = dwarf;
				ENABLE_STRICT_OBJC_MSGSEND = YES;
				ENABLE_TESTABILITY = YES;
				ENABLE_USER_SCRIPT_SANDBOXING = YES;
				GCC_C_LANGUAGE_STANDARD = gnu17;
				GCC_DYNAMIC_NO_PIC = NO;
				GCC_NO_COMMON_BLOCKS = YES;
				GCC_OPTIMIZATION_LEVEL = 0;
				GCC_PREPROCESSOR_DEFINITIONS = (
					"DEBUG=1",
					"$(inherited)",
				);
				GCC_WARN_64_TO_32_BIT_CONVERSION = YES;
				GCC_WARN_ABOUT_RETURN_TYPE = YES_ERROR;
				GCC_WARN_UNDECLARED_SELECTOR = YES;
				GCC_WARN_UNINITIALIZED_AUTOS = YES_AGGRESSIVE;
				GCC_WARN_UNUSED_FUNCTION = YES;
				GCC_WARN_UNUSED_VARIABLE = YES;
				IPHONEOS_DEPLOYMENT_TARGET = 17.2;
				LOCALIZATION_PREFERS_STRING_CATALOGS = YES;
				MTL_ENABLE_DEBUG_INFO = INCLUDE_SOURCE;
				MTL_FAST_MATH = YES;
				ONLY_ACTIVE_ARCH = YES;
				SDKROOT = iphoneos;
				SWIFT_ACTIVE_COMPILATION_CONDITIONS = "DEBUG $(inherited)";
				SWIFT_OPTIMIZATION_LEVEL = "-Onone";
			};
			name = Debug;
		};
		D01FF9CB2CF85B2700F5DC5D /* Release */ = {
			isa = XCBuildConfiguration;
			buildSettings = {
				ALWAYS_SEARCH_USER_PATHS = NO;
				ASSETCATALOG_COMPILER_GENERATE_SWIFT_ASSET_SYMBOL_EXTENSIONS = YES;
				CLANG_ANALYZER_NONNULL = YES;
				CLANG_ANALYZER_NUMBER_OBJECT_CONVERSION = YES_AGGRESSIVE;
				CLANG_CXX_LANGUAGE_STANDARD = "gnu++20";
				CLANG_ENABLE_MODULES = YES;
				CLANG_ENABLE_OBJC_ARC = YES;
				CLANG_ENABLE_OBJC_WEAK = YES;
				CLANG_WARN_BLOCK_CAPTURE_AUTORELEASING = YES;
				CLANG_WARN_BOOL_CONVERSION = YES;
				CLANG_WARN_COMMA = YES;
				CLANG_WARN_CONSTANT_CONVERSION = YES;
				CLANG_WARN_DEPRECATED_OBJC_IMPLEMENTATIONS = YES;
				CLANG_WARN_DIRECT_OBJC_ISA_USAGE = YES_ERROR;
				CLANG_WARN_DOCUMENTATION_COMMENTS = YES;
				CLANG_WARN_EMPTY_BODY = YES;
				CLANG_WARN_ENUM_CONVERSION = YES;
				CLANG_WARN_INFINITE_RECURSION = YES;
				CLANG_WARN_INT_CONVERSION = YES;
				CLANG_WARN_NON_LITERAL_NULL_CONVERSION = YES;
				CLANG_WARN_OBJC_IMPLICIT_RETAIN_SELF = YES;
				CLANG_WARN_OBJC_LITERAL_CONVERSION = YES;
				CLANG_WARN_OBJC_ROOT_CLASS = YES_ERROR;
				CLANG_WARN_QUOTED_INCLUDE_IN_FRAMEWORK_HEADER = YES;
				CLANG_WARN_RANGE_LOOP_ANALYSIS = YES;
				CLANG_WARN_STRICT_PROTOTYPES = YES;
				CLANG_WARN_SUSPICIOUS_MOVE = YES;
				CLANG_WARN_UNGUARDED_AVAILABILITY = YES_AGGRESSIVE;
				CLANG_WARN_UNREACHABLE_CODE = YES;
				CLANG_WARN__DUPLICATE_METHOD_MATCH = YES;
				COPY_PHASE_STRIP = NO;
				DEBUG_INFORMATION_FORMAT = "dwarf-with-dsym";
				ENABLE_NS_ASSERTIONS = NO;
				ENABLE_STRICT_OBJC_MSGSEND = YES;
				ENABLE_USER_SCRIPT_SANDBOXING = YES;
				GCC_C_LANGUAGE_STANDARD = gnu17;
				GCC_NO_COMMON_BLOCKS = YES;
				GCC_WARN_64_TO_32_BIT_CONVERSION = YES;
				GCC_WARN_ABOUT_RETURN_TYPE = YES_ERROR;
				GCC_WARN_UNDECLARED_SELECTOR = YES;
				GCC_WARN_UNINITIALIZED_AUTOS = YES_AGGRESSIVE;
				GCC_WARN_UNUSED_FUNCTION = YES;
				GCC_WARN_UNUSED_VARIABLE = YES;
				IPHONEOS_DEPLOYMENT_TARGET = 17.2;
				LOCALIZATION_PREFERS_STRING_CATALOGS = YES;
				MTL_ENABLE_DEBUG_INFO = NO;
				MTL_FAST_MATH = YES;
				SDKROOT = iphoneos;
				SWIFT_COMPILATION_MODE = wholemodule;
				VALIDATE_PRODUCT = YES;
			};
			name = Release;
		};
		D01FF9CD2CF85B2700F5DC5D /* Debug */ = {
			isa = XCBuildConfiguration;
			buildSettings = {
				ASSETCATALOG_COMPILER_APPICON_NAME = AppIcon;
				ASSETCATALOG_COMPILER_GLOBAL_ACCENT_COLOR_NAME = AccentColor;
				CODE_SIGN_STYLE = Automatic;
				CURRENT_PROJECT_VERSION = 1;
				GENERATE_INFOPLIST_FILE = YES;
				INFOPLIST_FILE = pursuit/Info.plist;
				INFOPLIST_KEY_UIApplicationSupportsIndirectInputEvents = YES;
				INFOPLIST_KEY_UILaunchStoryboardName = LaunchScreen;
				INFOPLIST_KEY_UIMainStoryboardFile = Main;
				INFOPLIST_KEY_UISupportedInterfaceOrientations_iPad = "UIInterfaceOrientationPortrait UIInterfaceOrientationPortraitUpsideDown UIInterfaceOrientationLandscapeLeft UIInterfaceOrientationLandscapeRight";
				INFOPLIST_KEY_UISupportedInterfaceOrientations_iPhone = "UIInterfaceOrientationPortrait UIInterfaceOrientationLandscapeLeft UIInterfaceOrientationLandscapeRight";
				LD_RUNPATH_SEARCH_PATHS = (
					"$(inherited)",
					"@executable_path/Frameworks",
				);
				MARKETING_VERSION = 1.0;
				PRODUCT_BUNDLE_IDENTIFIER = com.pursuitteam.pursuit;
				PRODUCT_NAME = "$(TARGET_NAME)";
				SWIFT_EMIT_LOC_STRINGS = YES;
				SWIFT_VERSION = 5.0;
				TARGETED_DEVICE_FAMILY = "1,2";
			};
			name = Debug;
		};
		D01FF9CE2CF85B2700F5DC5D /* Release */ = {
			isa = XCBuildConfiguration;
			buildSettings = {
				ASSETCATALOG_COMPILER_APPICON_NAME = AppIcon;
				ASSETCATALOG_COMPILER_GLOBAL_ACCENT_COLOR_NAME = AccentColor;
				CODE_SIGN_STYLE = Automatic;
				CURRENT_PROJECT_VERSION = 1;
				GENERATE_INFOPLIST_FILE = YES;
				INFOPLIST_FILE = pursuit/Info.plist;
				INFOPLIST_KEY_UIApplicationSupportsIndirectInputEvents = YES;
				INFOPLIST_KEY_UILaunchStoryboardName = LaunchScreen;
				INFOPLIST_KEY_UIMainStoryboardFile = Main;
				INFOPLIST_KEY_UISupportedInterfaceOrientations_iPad = "UIInterfaceOrientationPortrait UIInterfaceOrientationPortraitUpsideDown UIInterfaceOrientationLandscapeLeft UIInterfaceOrientationLandscapeRight";
				INFOPLIST_KEY_UISupportedInterfaceOrientations_iPhone = "UIInterfaceOrientationPortrait UIInterfaceOrientationLandscapeLeft UIInterfaceOrientationLandscapeRight";
				LD_RUNPATH_SEARCH_PATHS = (
					"$(inherited)",
					"@executable_path/Frameworks",
				);
				MARKETING_VERSION = 1.0;
				PRODUCT_BUNDLE_IDENTIFIER = com.pursuitteam.pursuit;
				PRODUCT_NAME = "$(TARGET_NAME)";
				SWIFT_EMIT_LOC_STRINGS = YES;
				SWIFT_VERSION = 5.0;
				TARGETED_DEVICE_FAMILY = "1,2";
			};
			name = Release;
		};
		D01FF9D02CF85B2700F5DC5D /* Debug */ = {
			isa = XCBuildConfiguration;
			buildSettings = {
				ALWAYS_EMBED_SWIFT_STANDARD_LIBRARIES = YES;
				BUNDLE_LOADER = "$(TEST_HOST)";
				CODE_SIGN_STYLE = Automatic;
				CURRENT_PROJECT_VERSION = 1;
				GENERATE_INFOPLIST_FILE = YES;
				IPHONEOS_DEPLOYMENT_TARGET = 17.2;
				MARKETING_VERSION = 1.0;
				PRODUCT_BUNDLE_IDENTIFIER = Mohammed.pursuitTests;
				PRODUCT_NAME = "$(TARGET_NAME)";
				SWIFT_EMIT_LOC_STRINGS = NO;
				SWIFT_VERSION = 5.0;
				TARGETED_DEVICE_FAMILY = "1,2";
				TEST_HOST = "$(BUILT_PRODUCTS_DIR)/pursuit.app/$(BUNDLE_EXECUTABLE_FOLDER_PATH)/pursuit";
			};
			name = Debug;
		};
		D01FF9D12CF85B2700F5DC5D /* Release */ = {
			isa = XCBuildConfiguration;
			buildSettings = {
				ALWAYS_EMBED_SWIFT_STANDARD_LIBRARIES = YES;
				BUNDLE_LOADER = "$(TEST_HOST)";
				CODE_SIGN_STYLE = Automatic;
				CURRENT_PROJECT_VERSION = 1;
				GENERATE_INFOPLIST_FILE = YES;
				IPHONEOS_DEPLOYMENT_TARGET = 17.2;
				MARKETING_VERSION = 1.0;
				PRODUCT_BUNDLE_IDENTIFIER = Mohammed.pursuitTests;
				PRODUCT_NAME = "$(TARGET_NAME)";
				SWIFT_EMIT_LOC_STRINGS = NO;
				SWIFT_VERSION = 5.0;
				TARGETED_DEVICE_FAMILY = "1,2";
				TEST_HOST = "$(BUILT_PRODUCTS_DIR)/pursuit.app/$(BUNDLE_EXECUTABLE_FOLDER_PATH)/pursuit";
			};
			name = Release;
		};
		D01FF9D32CF85B2700F5DC5D /* Debug */ = {
			isa = XCBuildConfiguration;
			buildSettings = {
				ALWAYS_EMBED_SWIFT_STANDARD_LIBRARIES = YES;
				CODE_SIGN_STYLE = Automatic;
				CURRENT_PROJECT_VERSION = 1;
				GENERATE_INFOPLIST_FILE = YES;
				MARKETING_VERSION = 1.0;
				PRODUCT_BUNDLE_IDENTIFIER = Mohammed.pursuitUITests;
				PRODUCT_NAME = "$(TARGET_NAME)";
				SWIFT_EMIT_LOC_STRINGS = NO;
				SWIFT_VERSION = 5.0;
				TARGETED_DEVICE_FAMILY = "1,2";
				TEST_TARGET_NAME = pursuit;
			};
			name = Debug;
		};
		D01FF9D42CF85B2700F5DC5D /* Release */ = {
			isa = XCBuildConfiguration;
			buildSettings = {
				ALWAYS_EMBED_SWIFT_STANDARD_LIBRARIES = YES;
				CODE_SIGN_STYLE = Automatic;
				CURRENT_PROJECT_VERSION = 1;
				GENERATE_INFOPLIST_FILE = YES;
				MARKETING_VERSION = 1.0;
				PRODUCT_BUNDLE_IDENTIFIER = Mohammed.pursuitUITests;
				PRODUCT_NAME = "$(TARGET_NAME)";
				SWIFT_EMIT_LOC_STRINGS = NO;
				SWIFT_VERSION = 5.0;
				TARGETED_DEVICE_FAMILY = "1,2";
				TEST_TARGET_NAME = pursuit;
			};
			name = Release;
		};
/* End XCBuildConfiguration section */

/* Begin XCConfigurationList section */
		D01FF99D2CF85B2500F5DC5D /* Build configuration list for PBXProject "pursuit" */ = {
			isa = XCConfigurationList;
			buildConfigurations = (
				D01FF9CA2CF85B2700F5DC5D /* Debug */,
				D01FF9CB2CF85B2700F5DC5D /* Release */,
			);
			defaultConfigurationIsVisible = 0;
			defaultConfigurationName = Release;
		};
		D01FF9CC2CF85B2700F5DC5D /* Build configuration list for PBXNativeTarget "pursuit" */ = {
			isa = XCConfigurationList;
			buildConfigurations = (
				D01FF9CD2CF85B2700F5DC5D /* Debug */,
				D01FF9CE2CF85B2700F5DC5D /* Release */,
			);
			defaultConfigurationIsVisible = 0;
			defaultConfigurationName = Release;
		};
		D01FF9CF2CF85B2700F5DC5D /* Build configuration list for PBXNativeTarget "pursuitTests" */ = {
			isa = XCConfigurationList;
			buildConfigurations = (
				D01FF9D02CF85B2700F5DC5D /* Debug */,
				D01FF9D12CF85B2700F5DC5D /* Release */,
			);
			defaultConfigurationIsVisible = 0;
			defaultConfigurationName = Release;
		};
		D01FF9D22CF85B2700F5DC5D /* Build configuration list for PBXNativeTarget "pursuitUITests" */ = {
			isa = XCConfigurationList;
			buildConfigurations = (
				D01FF9D32CF85B2700F5DC5D /* Debug */,
				D01FF9D42CF85B2700F5DC5D /* Release */,
			);
			defaultConfigurationIsVisible = 0;
			defaultConfigurationName = Release;
		};
/* End XCConfigurationList section */

/* Begin XCRemoteSwiftPackageReference section */
		AC718ECB2D1ED7EB00F3CF09 /* XCRemoteSwiftPackageReference "firebase-ios-sdk" */ = {
			isa = XCRemoteSwiftPackageReference;
			repositoryURL = "https://github.com/firebase/firebase-ios-sdk";
			requirement = {
				kind = upToNextMajorVersion;
				minimumVersion = 11.6.0;
			};
		};
/* End XCRemoteSwiftPackageReference section */

/* Begin XCSwiftPackageProductDependency section */
		AC718ECC2D1ED7EB00F3CF09 /* FirebaseAuth */ = {
			isa = XCSwiftPackageProductDependency;
			package = AC718ECB2D1ED7EB00F3CF09 /* XCRemoteSwiftPackageReference "firebase-ios-sdk" */;
			productName = FirebaseAuth;
		};
		AC718ECE2D1ED7EB00F3CF09 /* FirebaseCore */ = {
			isa = XCSwiftPackageProductDependency;
			package = AC718ECB2D1ED7EB00F3CF09 /* XCRemoteSwiftPackageReference "firebase-ios-sdk" */;
			productName = FirebaseCore;
		};
		AC718ED02D1ED7EB00F3CF09 /* FirebaseFirestore */ = {
			isa = XCSwiftPackageProductDependency;
			package = AC718ECB2D1ED7EB00F3CF09 /* XCRemoteSwiftPackageReference "firebase-ios-sdk" */;
			productName = FirebaseFirestore;
		};
/* End XCSwiftPackageProductDependency section */
	};
	rootObject = D01FF99A2CF85B2500F5DC5D /* Project object */;
}
